// !$*UTF8*$!
{
	archiveVersion = 1;
	classes = {
	};
	objectVersion = 50;
	objects = {

/* Begin PBXBuildFile section */
		801043FA22C818F80044E745 /* AppDelegate.swift in Sources */ = {isa = PBXBuildFile; fileRef = 801043F922C818F80044E745 /* AppDelegate.swift */; };
		801043FC22C818F80044E745 /* ViewController.swift in Sources */ = {isa = PBXBuildFile; fileRef = 801043FB22C818F80044E745 /* ViewController.swift */; };
		801043FF22C818F80044E745 /* Main.storyboard in Resources */ = {isa = PBXBuildFile; fileRef = 801043FD22C818F80044E745 /* Main.storyboard */; };
		8010440122C818F80044E745 /* Assets.xcassets in Resources */ = {isa = PBXBuildFile; fileRef = 8010440022C818F80044E745 /* Assets.xcassets */; };
		8010440422C818F80044E745 /* LaunchScreen.storyboard in Resources */ = {isa = PBXBuildFile; fileRef = 8010440222C818F80044E745 /* LaunchScreen.storyboard */; };
		8076212F22CB00CB0084B220 /* gamecode.swift in Sources */ = {isa = PBXBuildFile; fileRef = 8076212E22CB00CB0084B220 /* gamecode.swift */; };
		80D7C02322CBF87900BCFBFD /* breath3.png in Resources */ = {isa = PBXBuildFile; fileRef = 80D7C02222CBF87900BCFBFD /* breath3.png */; };
		80D7C02722CC245900BCFBFD /* breath1.png in Resources */ = {isa = PBXBuildFile; fileRef = 80D7C02422CC245900BCFBFD /* breath1.png */; };
		80D7C02822CC245900BCFBFD /* breath2.png in Resources */ = {isa = PBXBuildFile; fileRef = 80D7C02522CC245900BCFBFD /* breath2.png */; };
		80D7C02922CC245900BCFBFD /* playermodel.png in Resources */ = {isa = PBXBuildFile; fileRef = 80D7C02622CC245900BCFBFD /* playermodel.png */; };
/* End PBXBuildFile section */

/* Begin PBXFileReference section */
		801043F622C818F80044E745 /* No Regrets.app */ = {isa = PBXFileReference; explicitFileType = wrapper.application; includeInIndex = 0; path = "No Regrets.app"; sourceTree = BUILT_PRODUCTS_DIR; };
		801043F922C818F80044E745 /* AppDelegate.swift */ = {isa = PBXFileReference; lastKnownFileType = sourcecode.swift; path = AppDelegate.swift; sourceTree = "<group>"; };
		801043FB22C818F80044E745 /* ViewController.swift */ = {isa = PBXFileReference; lastKnownFileType = sourcecode.swift; path = ViewController.swift; sourceTree = "<group>"; };
		801043FE22C818F80044E745 /* Base */ = {isa = PBXFileReference; lastKnownFileType = file.storyboard; name = Base; path = Base.lproj/Main.storyboard; sourceTree = "<group>"; };
		8010440022C818F80044E745 /* Assets.xcassets */ = {isa = PBXFileReference; lastKnownFileType = folder.assetcatalog; path = Assets.xcassets; sourceTree = "<group>"; };
		8010440322C818F80044E745 /* Base */ = {isa = PBXFileReference; lastKnownFileType = file.storyboard; name = Base; path = Base.lproj/LaunchScreen.storyboard; sourceTree = "<group>"; };
		8010440522C818F80044E745 /* Info.plist */ = {isa = PBXFileReference; lastKnownFileType = text.plist.xml; path = Info.plist; sourceTree = "<group>"; };
		8076212E22CB00CB0084B220 /* gamecode.swift */ = {isa = PBXFileReference; lastKnownFileType = sourcecode.swift; path = gamecode.swift; sourceTree = "<group>"; };
		80D7C02222CBF87900BCFBFD /* breath3.png */ = {isa = PBXFileReference; lastKnownFileType = image.png; name = breath3.png; path = pics/breath3.png; sourceTree = "<group>"; };
		80D7C02422CC245900BCFBFD /* breath1.png */ = {isa = PBXFileReference; lastKnownFileType = image.png; name = breath1.png; path = pics/breath1.png; sourceTree = "<group>"; };
		80D7C02522CC245900BCFBFD /* breath2.png */ = {isa = PBXFileReference; lastKnownFileType = image.png; name = breath2.png; path = pics/breath2.png; sourceTree = "<group>"; };
		80D7C02622CC245900BCFBFD /* playermodel.png */ = {isa = PBXFileReference; lastKnownFileType = image.png; name = playermodel.png; path = pics/playermodel.png; sourceTree = "<group>"; };
/* End PBXFileReference section */

/* Begin PBXFrameworksBuildPhase section */
		801043F322C818F80044E745 /* Frameworks */ = {
			isa = PBXFrameworksBuildPhase;
			buildActionMask = 2147483647;
			files = (
			);
			runOnlyForDeploymentPostprocessing = 0;
		};
/* End PBXFrameworksBuildPhase section */

/* Begin PBXGroup section */
		801043ED22C818F80044E745 = {
			isa = PBXGroup;
			children = (
				801043F822C818F80044E745 /* No Regrets */,
				801043F722C818F80044E745 /* Products */,
			);
			sourceTree = "<group>";
		};
		801043F722C818F80044E745 /* Products */ = {
			isa = PBXGroup;
			children = (
				801043F622C818F80044E745 /* No Regrets.app */,
			);
			name = Products;
			sourceTree = "<group>";
		};
		801043F822C818F80044E745 /* No Regrets */ = {
			isa = PBXGroup;
			children = (
				80D7C02422CC245900BCFBFD /* breath1.png */,
				80D7C02522CC245900BCFBFD /* breath2.png */,
				80D7C02622CC245900BCFBFD /* playermodel.png */,
				80D7C02222CBF87900BCFBFD /* breath3.png */,
				801043F922C818F80044E745 /* AppDelegate.swift */,
				801043FB22C818F80044E745 /* ViewController.swift */,
				801043FD22C818F80044E745 /* Main.storyboard */,
				8010440022C818F80044E745 /* Assets.xcassets */,
				8010440222C818F80044E745 /* LaunchScreen.storyboard */,
				8010440522C818F80044E745 /* Info.plist */,
				8076212E22CB00CB0084B220 /* gamecode.swift */,
			);
			path = "No Regrets";
			sourceTree = "<group>";
		};
/* End PBXGroup section */

/* Begin PBXNativeTarget section */
		801043F522C818F80044E745 /* No Regrets */ = {
			isa = PBXNativeTarget;
			buildConfigurationList = 8010440822C818F80044E745 /* Build configuration list for PBXNativeTarget "No Regrets" */;
			buildPhases = (
				801043F222C818F80044E745 /* Sources */,
				801043F322C818F80044E745 /* Frameworks */,
				801043F422C818F80044E745 /* Resources */,
			);
			buildRules = (
			);
			dependencies = (
			);
			name = "No Regrets";
			productName = test;
			productReference = 801043F622C818F80044E745 /* No Regrets.app */;
			productType = "com.apple.product-type.application";
		};
/* End PBXNativeTarget section */

/* Begin PBXProject section */
		801043EE22C818F80044E745 /* Project object */ = {
			isa = PBXProject;
			attributes = {
				LastSwiftUpdateCheck = 1020;
				LastUpgradeCheck = 1020;
				ORGANIZATIONNAME = "Bill Ni";
				TargetAttributes = {
					801043F522C818F80044E745 = {
						CreatedOnToolsVersion = 10.2.1;
					};
				};
			};
			buildConfigurationList = 801043F122C818F80044E745 /* Build configuration list for PBXProject "No Regrets" */;
			compatibilityVersion = "Xcode 9.3";
			developmentRegion = en;
			hasScannedForEncodings = 0;
			knownRegions = (
				en,
				Base,
			);
			mainGroup = 801043ED22C818F80044E745;
			productRefGroup = 801043F722C818F80044E745 /* Products */;
			projectDirPath = "";
			projectRoot = "";
			targets = (
				801043F522C818F80044E745 /* No Regrets */,
			);
		};
/* End PBXProject section */

/* Begin PBXResourcesBuildPhase section */
		801043F422C818F80044E745 /* Resources */ = {
			isa = PBXResourcesBuildPhase;
			buildActionMask = 2147483647;
			files = (
				80D7C02922CC245900BCFBFD /* playermodel.png in Resources */,
				8010440422C818F80044E745 /* LaunchScreen.storyboard in Resources */,
				8010440122C818F80044E745 /* Assets.xcassets in Resources */,
				80D7C02722CC245900BCFBFD /* breath1.png in Resources */,
				801043FF22C818F80044E745 /* Main.storyboard in Resources */,
				80D7C02822CC245900BCFBFD /* breath2.png in Resources */,
				80D7C02322CBF87900BCFBFD /* breath3.png in Resources */,
			);
			runOnlyForDeploymentPostprocessing = 0;
		};
/* End PBXResourcesBuildPhase section */

/* Begin PBXSourcesBuildPhase section */
		801043F222C818F80044E745 /* Sources */ = {
			isa = PBXSourcesBuildPhase;
			buildActionMask = 2147483647;
			files = (
				801043FC22C818F80044E745 /* ViewController.swift in Sources */,
				801043FA22C818F80044E745 /* AppDelegate.swift in Sources */,
				8076212F22CB00CB0084B220 /* gamecode.swift in Sources */,
			);
			runOnlyForDeploymentPostprocessing = 0;
		};
/* End PBXSourcesBuildPhase section */

/* Begin PBXVariantGroup section */
		801043FD22C818F80044E745 /* Main.storyboard */ = {
			isa = PBXVariantGroup;
			children = (
				801043FE22C818F80044E745 /* Base */,
			);
			name = Main.storyboard;
			sourceTree = "<group>";
		};
		8010440222C818F80044E745 /* LaunchScreen.storyboard */ = {
			isa = PBXVariantGroup;
			children = (
				8010440322C818F80044E745 /* Base */,
			);
			name = LaunchScreen.storyboard;
			sourceTree = "<group>";
		};
/* End PBXVariantGroup section */

/* Begin XCBuildConfiguration section */
		8010440622C818F80044E745 /* Debug */ = {
			isa = XCBuildConfiguration;
			buildSettings = {
				ALWAYS_SEARCH_USER_PATHS = NO;
				CLANG_ANALYZER_NONNULL = YES;
				CLANG_ANALYZER_NUMBER_OBJECT_CONVERSION = YES_AGGRESSIVE;
				CLANG_CXX_LANGUAGE_STANDARD = "gnu++14";
				CLANG_CXX_LIBRARY = "libc++";
				CLANG_ENABLE_MODULES = YES;
				CLANG_ENABLE_OBJC_ARC = YES;
				CLANG_ENABLE_OBJC_WEAK = YES;
				CLANG_WARN_BLOCK_CAPTURE_AUTORELEASING = YES;
				CLANG_WARN_BOOL_CONVERSION = YES;
				CLANG_WARN_COMMA = YES;
				CLANG_WARN_CONSTANT_CONVERSION = YES;
				CLANG_WARN_DEPRECATED_OBJC_IMPLEMENTATIONS = YES;
				CLANG_WARN_DIRECT_OBJC_ISA_USAGE = YES_ERROR;
				CLANG_WARN_DOCUMENTATION_COMMENTS = YES;
				CLANG_WARN_EMPTY_BODY = YES;
				CLANG_WARN_ENUM_CONVERSION = YES;
				CLANG_WARN_INFINITE_RECURSION = YES;
				CLANG_WARN_INT_CONVERSION = YES;
				CLANG_WARN_NON_LITERAL_NULL_CONVERSION = YES;
				CLANG_WARN_OBJC_IMPLICIT_RETAIN_SELF = YES;
				CLANG_WARN_OBJC_LITERAL_CONVERSION = YES;
				CLANG_WARN_OBJC_ROOT_CLASS = YES_ERROR;
				CLANG_WARN_RANGE_LOOP_ANALYSIS = YES;
				CLANG_WARN_STRICT_PROTOTYPES = YES;
				CLANG_WARN_SUSPICIOUS_MOVE = YES;
				CLANG_WARN_UNGUARDED_AVAILABILITY = YES_AGGRESSIVE;
				CLANG_WARN_UNREACHABLE_CODE = YES;
				CLANG_WARN__DUPLICATE_METHOD_MATCH = YES;
				CODE_SIGN_IDENTITY = "iPhone Developer";
				COPY_PHASE_STRIP = NO;
				DEBUG_INFORMATION_FORMAT = dwarf;
				ENABLE_STRICT_OBJC_MSGSEND = YES;
				ENABLE_TESTABILITY = YES;
				GCC_C_LANGUAGE_STANDARD = gnu11;
				GCC_DYNAMIC_NO_PIC = NO;
				GCC_NO_COMMON_BLOCKS = YES;
				GCC_OPTIMIZATION_LEVEL = 0;
				GCC_PREPROCESSOR_DEFINITIONS = (
					"DEBUG=1",
					"$(inherited)",
				);
				GCC_WARN_64_TO_32_BIT_CONVERSION = YES;
				GCC_WARN_ABOUT_RETURN_TYPE = YES_ERROR;
				GCC_WARN_UNDECLARED_SELECTOR = YES;
				GCC_WARN_UNINITIALIZED_AUTOS = YES_AGGRESSIVE;
				GCC_WARN_UNUSED_FUNCTION = YES;
				GCC_WARN_UNUSED_VARIABLE = YES;
				IPHONEOS_DEPLOYMENT_TARGET = 12.2;
				MTL_ENABLE_DEBUG_INFO = INCLUDE_SOURCE;
				MTL_FAST_MATH = YES;
				ONLY_ACTIVE_ARCH = YES;
				SDKROOT = iphoneos;
				SWIFT_ACTIVE_COMPILATION_CONDITIONS = DEBUG;
				SWIFT_OPTIMIZATION_LEVEL = "-Onone";
			};
			name = Debug;
		};
		8010440722C818F80044E745 /* Release */ = {
			isa = XCBuildConfiguration;
			buildSettings = {
				ALWAYS_SEARCH_USER_PATHS = NO;
				CLANG_ANALYZER_NONNULL = YES;
				CLANG_ANALYZER_NUMBER_OBJECT_CONVERSION = YES_AGGRESSIVE;
				CLANG_CXX_LANGUAGE_STANDARD = "gnu++14";
				CLANG_CXX_LIBRARY = "libc++";
				CLANG_ENABLE_MODULES = YES;
				CLANG_ENABLE_OBJC_ARC = YES;
				CLANG_ENABLE_OBJC_WEAK = YES;
				CLANG_WARN_BLOCK_CAPTURE_AUTORELEASING = YES;
				CLANG_WARN_BOOL_CONVERSION = YES;
				CLANG_WARN_COMMA = YES;
				CLANG_WARN_CONSTANT_CONVERSION = YES;
				CLANG_WARN_DEPRECATED_OBJC_IMPLEMENTATIONS = YES;
				CLANG_WARN_DIRECT_OBJC_ISA_USAGE = YES_ERROR;
				CLANG_WARN_DOCUMENTATION_COMMENTS = YES;
				CLANG_WARN_EMPTY_BODY = YES;
				CLANG_WARN_ENUM_CONVERSION = YES;
				CLANG_WARN_INFINITE_RECURSION = YES;
				CLANG_WARN_INT_CONVERSION = YES;
				CLANG_WARN_NON_LITERAL_NULL_CONVERSION = YES;
				CLANG_WARN_OBJC_IMPLICIT_RETAIN_SELF = YES;
				CLANG_WARN_OBJC_LITERAL_CONVERSION = YES;
				CLANG_WARN_OBJC_ROOT_CLASS = YES_ERROR;
				CLANG_WARN_RANGE_LOOP_ANALYSIS = YES;
				CLANG_WARN_STRICT_PROTOTYPES = YES;
				CLANG_WARN_SUSPICIOUS_MOVE = YES;
				CLANG_WARN_UNGUARDED_AVAILABILITY = YES_AGGRESSIVE;
				CLANG_WARN_UNREACHABLE_CODE = YES;
				CLANG_WARN__DUPLICATE_METHOD_MATCH = YES;
				CODE_SIGN_IDENTITY = "iPhone Developer";
				COPY_PHASE_STRIP = NO;
				DEBUG_INFORMATION_FORMAT = "dwarf-with-dsym";
				ENABLE_NS_ASSERTIONS = NO;
				ENABLE_STRICT_OBJC_MSGSEND = YES;
				GCC_C_LANGUAGE_STANDARD = gnu11;
				GCC_NO_COMMON_BLOCKS = YES;
				GCC_WARN_64_TO_32_BIT_CONVERSION = YES;
				GCC_WARN_ABOUT_RETURN_TYPE = YES_ERROR;
				GCC_WARN_UNDECLARED_SELECTOR = YES;
				GCC_WARN_UNINITIALIZED_AUTOS = YES_AGGRESSIVE;
				GCC_WARN_UNUSED_FUNCTION = YES;
				GCC_WARN_UNUSED_VARIABLE = YES;
				IPHONEOS_DEPLOYMENT_TARGET = 12.2;
				MTL_ENABLE_DEBUG_INFO = NO;
				MTL_FAST_MATH = YES;
				SDKROOT = iphoneos;
				SWIFT_COMPILATION_MODE = wholemodule;
				SWIFT_OPTIMIZATION_LEVEL = "-O";
				VALIDATE_PRODUCT = YES;
			};
			name = Release;
		};
		8010440922C818F80044E745 /* Debug */ = {
			isa = XCBuildConfiguration;
			buildSettings = {
				ASSETCATALOG_COMPILER_APPICON_NAME = AppIcon;
				CODE_SIGN_STYLE = Automatic;
				DEVELOPMENT_TEAM = MT5RVRUJW7;
				INFOPLIST_FILE = "No Regrets/Info.plist";
				LD_RUNPATH_SEARCH_PATHS = (
					"$(inherited)",
					"@executable_path/Frameworks",
				);
				PRODUCT_BUNDLE_IDENTIFIER = GenQ.No.Regrets;
				PRODUCT_NAME = "$(TARGET_NAME)";
				SWIFT_VERSION = 5.0;
				TARGETED_DEVICE_FAMILY = "1,2";
			};
			name = Debug;
		};
		8010440A22C818F80044E745 /* Release */ = {
			isa = XCBuildConfiguration;
			buildSettings = {
				ASSETCATALOG_COMPILER_APPICON_NAME = AppIcon;
				CODE_SIGN_STYLE = Automatic;
				DEVELOPMENT_TEAM = MT5RVRUJW7;
				INFOPLIST_FILE = "No Regrets/Info.plist";
				LD_RUNPATH_SEARCH_PATHS = (
					"$(inherited)",
					"@executable_path/Frameworks",
				);
				PRODUCT_BUNDLE_IDENTIFIER = GenQ.No.Regrets;
				PRODUCT_NAME = "$(TARGET_NAME)";
				SWIFT_VERSION = 5.0;
				TARGETED_DEVICE_FAMILY = "1,2";
			};
			name = Release;
		};
/* End XCBuildConfiguration section */

/* Begin XCConfigurationList section */
		801043F122C818F80044E745 /* Build configuration list for PBXProject "No Regrets" */ = {
			isa = XCConfigurationList;
			buildConfigurations = (
				8010440622C818F80044E745 /* Debug */,
				8010440722C818F80044E745 /* Release */,
			);
			defaultConfigurationIsVisible = 0;
			defaultConfigurationName = Release;
		};
		8010440822C818F80044E745 /* Build configuration list for PBXNativeTarget "No Regrets" */ = {
			isa = XCConfigurationList;
			buildConfigurations = (
				8010440922C818F80044E745 /* Debug */,
				8010440A22C818F80044E745 /* Release */,
			);
			defaultConfigurationIsVisible = 0;
			defaultConfigurationName = Release;
		};
/* End XCConfigurationList section */
	};
	rootObject = 801043EE22C818F80044E745 /* Project object */;
}
